{
  "name": "tea1",
  "version": "1.0.0",
  "lockfileVersion": 3,
  "requires": true,
  "packages": {
    "": {
      "name": "tea1",
      "version": "1.0.0",
      "license": "ISC",
      "dependencies": {
        "calculate-indo": "^1.0.1"
      }
    },
    "node_modules/calculate-indo": {
      "version": "1.0.1",
      "resolved": "https://registry.npmjs.org/calculate-indo/-/calculate-indo-1.0.1.tgz",
      "integrity": "sha512-ohm/NyXdUE/CGcHO4D1B93rzYEQ1SNA0Qq7K6v5POC0WCHQLbQh03ZVSMMxC2o3etgemT4DDd6U+FnRto93dbA=="
    }
  }
}
